
Microsoft Visual Studio Solution File, Format Version 12.00
# Visual Studio Version 17
VisualStudioVersion = 17.4.33403.182
MinimumVisualStudioVersion = 10.0.40219.1
Project("{9A19103F-16F7-4668-BE54-9A1E7A4F7556}") = "Part 1", "cs_lab11\Part 1.csproj", "{D17D7174-A64F-4891-B64F-09B59D9C8056}"
EndProject
Project("{FAE04EC0-301F-11D3-BF4B-00C04F79EFBC}") = "Part 2", "Part 2\Part 2.csproj", "{380B7538-817B-496C-A1FD-A65605253A13}"
EndProject
Project("{FAE04EC0-301F-11D3-BF4B-00C04F79EFBC}") = "Part 3", "Part 3\Part 3.csproj", "{0E543FB0-F8E6-4760-AB3B-6A2041E9B62C}"
EndProject
Project("{FAE04EC0-301F-11D3-BF4B-00C04F79EFBC}") = "Part 4", "Part 4\Part 4.csproj", "{FFCF0BB5-B34B-4068-9A5C-36DDB640A63A}"
EndProject
Global
	GlobalSection(SolutionConfigurationPlatforms) = preSolution
		Debug|Any CPU = Debug|Any CPU
		Release|Any CPU = Release|Any CPU
	EndGlobalSection
	GlobalSection(ProjectConfigurationPlatforms) = postSolution
		{D17D7174-A64F-4891-B64F-09B59D9C8056}.Debug|Any CPU.ActiveCfg = Debug|Any CPU
		{D17D7174-A64F-4891-B64F-09B59D9C8056}.Debug|Any CPU.Build.0 = Debug|Any CPU
		{D17D7174-A64F-4891-B64F-09B59D9C8056}.Release|Any CPU.ActiveCfg = Release|Any CPU
		{D17D7174-A64F-4891-B64F-09B59D9C8056}.Release|Any CPU.Build.0 = Release|Any CPU
		{380B7538-817B-496C-A1FD-A65605253A13}.Debug|Any CPU.ActiveCfg = Debug|Any CPU
		{380B7538-817B-496C-A1FD-A65605253A13}.Debug|Any CPU.Build.0 = Debug|Any CPU
		{380B7538-817B-496C-A1FD-A65605253A13}.Release|Any CPU.ActiveCfg = Release|Any CPU
		{380B7538-817B-496C-A1FD-A65605253A13}.Release|Any CPU.Build.0 = Release|Any CPU
		{0E543FB0-F8E6-4760-AB3B-6A2041E9B62C}.Debug|Any CPU.ActiveCfg = Debug|Any CPU
		{0E543FB0-F8E6-4760-AB3B-6A2041E9B62C}.Debug|Any CPU.Build.0 = Debug|Any CPU
		{0E543FB0-F8E6-4760-AB3B-6A2041E9B62C}.Release|Any CPU.ActiveCfg = Release|Any CPU
		{0E543FB0-F8E6-4760-AB3B-6A2041E9B62C}.Release|Any CPU.Build.0 = Release|Any CPU
		{FFCF0BB5-B34B-4068-9A5C-36DDB640A63A}.Debug|Any CPU.ActiveCfg = Debug|Any CPU
		{FFCF0BB5-B34B-4068-9A5C-36DDB640A63A}.Debug|Any CPU.Build.0 = Debug|Any CPU
		{FFCF0BB5-B34B-4068-9A5C-36DDB640A63A}.Release|Any CPU.ActiveCfg = Release|Any CPU
		{FFCF0BB5-B34B-4068-9A5C-36DDB640A63A}.Release|Any CPU.Build.0 = Release|Any CPU
	EndGlobalSection
	GlobalSection(SolutionProperties) = preSolution
		HideSolutionNode = FALSE
	EndGlobalSection
	GlobalSection(ExtensibilityGlobals) = postSolution
		SolutionGuid = {31C4BC44-A6D8-4AF1-BE7F-1CAE09359A4B}
	EndGlobalSection
EndGlobal
